// !$*UTF8*$!
{
	archiveVersion = 1;
	classes = {
	};
	objectVersion = 55;
	objects = {

/* Begin PBXBuildFile section */
		E519165A27EF02FF000BCC54 /* TitleTextFieldCell.swift in Sources */ = {isa = PBXBuildFile; fileRef = E519165927EF02FF000BCC54 /* TitleTextFieldCell.swift */; };
		E519165C27EF034C000BCC54 /* TitleTextFieldViewModel.swift in Sources */ = {isa = PBXBuildFile; fileRef = E519165B27EF034C000BCC54 /* TitleTextFieldViewModel.swift */; };
		E51F1EE527ECCB7400D38275 /* AppDelegate.swift in Sources */ = {isa = PBXBuildFile; fileRef = E51F1EE427ECCB7400D38275 /* AppDelegate.swift */; };
		E51F1EE727ECCB7400D38275 /* SceneDelegate.swift in Sources */ = {isa = PBXBuildFile; fileRef = E51F1EE627ECCB7400D38275 /* SceneDelegate.swift */; };
		E51F1EEE27ECCB7500D38275 /* Assets.xcassets in Resources */ = {isa = PBXBuildFile; fileRef = E51F1EED27ECCB7500D38275 /* Assets.xcassets */; };
		E51F1EF127ECCB7500D38275 /* LaunchScreen.storyboard in Resources */ = {isa = PBXBuildFile; fileRef = E51F1EEF27ECCB7500D38275 /* LaunchScreen.storyboard */; };
		E51F1EFA27ECCB9E00D38275 /* RxSwift in Frameworks */ = {isa = PBXBuildFile; productRef = E51F1EF927ECCB9E00D38275 /* RxSwift */; };
		E51F1EFD27ECCBB000D38275 /* SnapKit in Frameworks */ = {isa = PBXBuildFile; productRef = E51F1EFC27ECCBB000D38275 /* SnapKit */; };
		E51F1EFF27ECCBD100D38275 /* MainViewController.swift in Sources */ = {isa = PBXBuildFile; fileRef = E51F1EFE27ECCBD100D38275 /* MainViewController.swift */; };
		E51F1F0227ECCC0900D38275 /* RxCocoa in Frameworks */ = {isa = PBXBuildFile; productRef = E51F1F0127ECCC0900D38275 /* RxCocoa */; };
		E51F1F0427ECCCF500D38275 /* MainViewModel.swift in Sources */ = {isa = PBXBuildFile; fileRef = E51F1F0327ECCCF500D38275 /* MainViewModel.swift */; };
/* End PBXBuildFile section */

/* Begin PBXFileReference section */
		E519165927EF02FF000BCC54 /* TitleTextFieldCell.swift */ = {isa = PBXFileReference; lastKnownFileType = sourcecode.swift; path = TitleTextFieldCell.swift; sourceTree = "<group>"; };
		E519165B27EF034C000BCC54 /* TitleTextFieldViewModel.swift */ = {isa = PBXFileReference; lastKnownFileType = sourcecode.swift; path = TitleTextFieldViewModel.swift; sourceTree = "<group>"; };
		E51F1EE127ECCB7400D38275 /* UsedGoodsUpload.app */ = {isa = PBXFileReference; explicitFileType = wrapper.application; includeInIndex = 0; path = UsedGoodsUpload.app; sourceTree = BUILT_PRODUCTS_DIR; };
		E51F1EE427ECCB7400D38275 /* AppDelegate.swift */ = {isa = PBXFileReference; lastKnownFileType = sourcecode.swift; path = AppDelegate.swift; sourceTree = "<group>"; };
		E51F1EE627ECCB7400D38275 /* SceneDelegate.swift */ = {isa = PBXFileReference; lastKnownFileType = sourcecode.swift; path = SceneDelegate.swift; sourceTree = "<group>"; };
		E51F1EED27ECCB7500D38275 /* Assets.xcassets */ = {isa = PBXFileReference; lastKnownFileType = folder.assetcatalog; path = Assets.xcassets; sourceTree = "<group>"; };
		E51F1EF027ECCB7500D38275 /* Base */ = {isa = PBXFileReference; lastKnownFileType = file.storyboard; name = Base; path = Base.lproj/LaunchScreen.storyboard; sourceTree = "<group>"; };
		E51F1EF227ECCB7500D38275 /* Info.plist */ = {isa = PBXFileReference; lastKnownFileType = text.plist.xml; path = Info.plist; sourceTree = "<group>"; };
		E51F1EFE27ECCBD100D38275 /* MainViewController.swift */ = {isa = PBXFileReference; lastKnownFileType = sourcecode.swift; path = MainViewController.swift; sourceTree = "<group>"; };
		E51F1F0327ECCCF500D38275 /* MainViewModel.swift */ = {isa = PBXFileReference; lastKnownFileType = sourcecode.swift; path = MainViewModel.swift; sourceTree = "<group>"; };
/* End PBXFileReference section */

/* Begin PBXFrameworksBuildPhase section */
		E51F1EDE27ECCB7400D38275 /* Frameworks */ = {
			isa = PBXFrameworksBuildPhase;
			buildActionMask = 2147483647;
			files = (
				E51F1F0227ECCC0900D38275 /* RxCocoa in Frameworks */,
				E51F1EFA27ECCB9E00D38275 /* RxSwift in Frameworks */,
				E51F1EFD27ECCBB000D38275 /* SnapKit in Frameworks */,
			);
			runOnlyForDeploymentPostprocessing = 0;
		};
/* End PBXFrameworksBuildPhase section */

/* Begin PBXGroup section */
		E519165827EF02DD000BCC54 /* MainViewController */ = {
			isa = PBXGroup;
			children = (
				E51F1EFE27ECCBD100D38275 /* MainViewController.swift */,
				E51F1F0327ECCCF500D38275 /* MainViewModel.swift */,
				E519165D27EF035B000BCC54 /* TitleTextFieldCell */,
			);
			path = MainViewController;
			sourceTree = "<group>";
		};
		E519165D27EF035B000BCC54 /* TitleTextFieldCell */ = {
			isa = PBXGroup;
			children = (
				E519165927EF02FF000BCC54 /* TitleTextFieldCell.swift */,
				E519165B27EF034C000BCC54 /* TitleTextFieldViewModel.swift */,
			);
			path = TitleTextFieldCell;
			sourceTree = "<group>";
		};
		E51F1ED827ECCB7400D38275 = {
			isa = PBXGroup;
			children = (
				E51F1EE327ECCB7400D38275 /* UsedGoodsUpload */,
				E51F1EE227ECCB7400D38275 /* Products */,
				E51F1F0027ECCC0900D38275 /* Frameworks */,
			);
			sourceTree = "<group>";
		};
		E51F1EE227ECCB7400D38275 /* Products */ = {
			isa = PBXGroup;
			children = (
				E51F1EE127ECCB7400D38275 /* UsedGoodsUpload.app */,
			);
			name = Products;
			sourceTree = "<group>";
		};
		E51F1EE327ECCB7400D38275 /* UsedGoodsUpload */ = {
			isa = PBXGroup;
			children = (
				E51F1EE427ECCB7400D38275 /* AppDelegate.swift */,
				E51F1EE627ECCB7400D38275 /* SceneDelegate.swift */,
				E519165827EF02DD000BCC54 /* MainViewController */,
				E51F1EED27ECCB7500D38275 /* Assets.xcassets */,
				E51F1EEF27ECCB7500D38275 /* LaunchScreen.storyboard */,
				E51F1EF227ECCB7500D38275 /* Info.plist */,
			);
			path = UsedGoodsUpload;
			sourceTree = "<group>";
		};
		E51F1F0027ECCC0900D38275 /* Frameworks */ = {
			isa = PBXGroup;
			children = (
			);
			name = Frameworks;
			sourceTree = "<group>";
		};
/* End PBXGroup section */

/* Begin PBXNativeTarget section */
		E51F1EE027ECCB7400D38275 /* UsedGoodsUpload */ = {
			isa = PBXNativeTarget;
			buildConfigurationList = E51F1EF527ECCB7500D38275 /* Build configuration list for PBXNativeTarget "UsedGoodsUpload" */;
			buildPhases = (
				E51F1EDD27ECCB7400D38275 /* Sources */,
				E51F1EDE27ECCB7400D38275 /* Frameworks */,
				E51F1EDF27ECCB7400D38275 /* Resources */,
			);
			buildRules = (
			);
			dependencies = (
			);
			name = UsedGoodsUpload;
			packageProductDependencies = (
				E51F1EF927ECCB9E00D38275 /* RxSwift */,
				E51F1EFC27ECCBB000D38275 /* SnapKit */,
				E51F1F0127ECCC0900D38275 /* RxCocoa */,
			);
			productName = UsedGoodsUpload;
			productReference = E51F1EE127ECCB7400D38275 /* UsedGoodsUpload.app */;
			productType = "com.apple.product-type.application";
		};
/* End PBXNativeTarget section */

/* Begin PBXProject section */
		E51F1ED927ECCB7400D38275 /* Project object */ = {
			isa = PBXProject;
			attributes = {
				BuildIndependentTargetsInParallel = 1;
				LastSwiftUpdateCheck = 1320;
				LastUpgradeCheck = 1320;
				TargetAttributes = {
					E51F1EE027ECCB7400D38275 = {
						CreatedOnToolsVersion = 13.2.1;
					};
				};
			};
			buildConfigurationList = E51F1EDC27ECCB7400D38275 /* Build configuration list for PBXProject "UsedGoodsUpload" */;
			compatibilityVersion = "Xcode 13.0";
			developmentRegion = en;
			hasScannedForEncodings = 0;
			knownRegions = (
				en,
				Base,
			);
			mainGroup = E51F1ED827ECCB7400D38275;
			packageReferences = (
				E51F1EF827ECCB9E00D38275 /* XCRemoteSwiftPackageReference "RxSwift" */,
				E51F1EFB27ECCBB000D38275 /* XCRemoteSwiftPackageReference "SnapKit" */,
			);
			productRefGroup = E51F1EE227ECCB7400D38275 /* Products */;
			projectDirPath = "";
			projectRoot = "";
			targets = (
				E51F1EE027ECCB7400D38275 /* UsedGoodsUpload */,
			);
		};
/* End PBXProject section */

/* Begin PBXResourcesBuildPhase section */
		E51F1EDF27ECCB7400D38275 /* Resources */ = {
			isa = PBXResourcesBuildPhase;
			buildActionMask = 2147483647;
			files = (
				E51F1EF127ECCB7500D38275 /* LaunchScreen.storyboard in Resources */,
				E51F1EEE27ECCB7500D38275 /* Assets.xcassets in Resources */,
			);
			runOnlyForDeploymentPostprocessing = 0;
		};
/* End PBXResourcesBuildPhase section */

/* Begin PBXSourcesBuildPhase section */
		E51F1EDD27ECCB7400D38275 /* Sources */ = {
			isa = PBXSourcesBuildPhase;
			buildActionMask = 2147483647;
			files = (
				E51F1EE527ECCB7400D38275 /* AppDelegate.swift in Sources */,
				E51F1EE727ECCB7400D38275 /* SceneDelegate.swift in Sources */,
				E51F1EFF27ECCBD100D38275 /* MainViewController.swift in Sources */,
				E519165C27EF034C000BCC54 /* TitleTextFieldViewModel.swift in Sources */,
				E519165A27EF02FF000BCC54 /* TitleTextFieldCell.swift in Sources */,
				E51F1F0427ECCCF500D38275 /* MainViewModel.swift in Sources */,
			);
			runOnlyForDeploymentPostprocessing = 0;
		};
/* End PBXSourcesBuildPhase section */

/* Begin PBXVariantGroup section */
		E51F1EEF27ECCB7500D38275 /* LaunchScreen.storyboard */ = {
			isa = PBXVariantGroup;
			children = (
				E51F1EF027ECCB7500D38275 /* Base */,
			);
			name = LaunchScreen.storyboard;
			sourceTree = "<group>";
		};
/* End PBXVariantGroup section */

/* Begin XCBuildConfiguration section */
		E51F1EF327ECCB7500D38275 /* Debug */ = {
			isa = XCBuildConfiguration;
			buildSettings = {
				ALWAYS_SEARCH_USER_PATHS = NO;
				CLANG_ANALYZER_NONNULL = YES;
				CLANG_ANALYZER_NUMBER_OBJECT_CONVERSION = YES_AGGRESSIVE;
				CLANG_CXX_LANGUAGE_STANDARD = "gnu++17";
				CLANG_CXX_LIBRARY = "libc++";
				CLANG_ENABLE_MODULES = YES;
				CLANG_ENABLE_OBJC_ARC = YES;
				CLANG_ENABLE_OBJC_WEAK = YES;
				CLANG_WARN_BLOCK_CAPTURE_AUTORELEASING = YES;
				CLANG_WARN_BOOL_CONVERSION = YES;
				CLANG_WARN_COMMA = YES;
				CLANG_WARN_CONSTANT_CONVERSION = YES;
				CLANG_WARN_DEPRECATED_OBJC_IMPLEMENTATIONS = YES;
				CLANG_WARN_DIRECT_OBJC_ISA_USAGE = YES_ERROR;
				CLANG_WARN_DOCUMENTATION_COMMENTS = YES;
				CLANG_WARN_EMPTY_BODY = YES;
				CLANG_WARN_ENUM_CONVERSION = YES;
				CLANG_WARN_INFINITE_RECURSION = YES;
				CLANG_WARN_INT_CONVERSION = YES;
				CLANG_WARN_NON_LITERAL_NULL_CONVERSION = YES;
				CLANG_WARN_OBJC_IMPLICIT_RETAIN_SELF = YES;
				CLANG_WARN_OBJC_LITERAL_CONVERSION = YES;
				CLANG_WARN_OBJC_ROOT_CLASS = YES_ERROR;
				CLANG_WARN_QUOTED_INCLUDE_IN_FRAMEWORK_HEADER = YES;
				CLANG_WARN_RANGE_LOOP_ANALYSIS = YES;
				CLANG_WARN_STRICT_PROTOTYPES = YES;
				CLANG_WARN_SUSPICIOUS_MOVE = YES;
				CLANG_WARN_UNGUARDED_AVAILABILITY = YES_AGGRESSIVE;
				CLANG_WARN_UNREACHABLE_CODE = YES;
				CLANG_WARN__DUPLICATE_METHOD_MATCH = YES;
				COPY_PHASE_STRIP = NO;
				DEBUG_INFORMATION_FORMAT = dwarf;
				ENABLE_STRICT_OBJC_MSGSEND = YES;
				ENABLE_TESTABILITY = YES;
				GCC_C_LANGUAGE_STANDARD = gnu11;
				GCC_DYNAMIC_NO_PIC = NO;
				GCC_NO_COMMON_BLOCKS = YES;
				GCC_OPTIMIZATION_LEVEL = 0;
				GCC_PREPROCESSOR_DEFINITIONS = (
					"DEBUG=1",
					"$(inherited)",
				);
				GCC_WARN_64_TO_32_BIT_CONVERSION = YES;
				GCC_WARN_ABOUT_RETURN_TYPE = YES_ERROR;
				GCC_WARN_UNDECLARED_SELECTOR = YES;
				GCC_WARN_UNINITIALIZED_AUTOS = YES_AGGRESSIVE;
				GCC_WARN_UNUSED_FUNCTION = YES;
				GCC_WARN_UNUSED_VARIABLE = YES;
				IPHONEOS_DEPLOYMENT_TARGET = 15.2;
				MTL_ENABLE_DEBUG_INFO = INCLUDE_SOURCE;
				MTL_FAST_MATH = YES;
				ONLY_ACTIVE_ARCH = YES;
				SDKROOT = iphoneos;
				SWIFT_ACTIVE_COMPILATION_CONDITIONS = DEBUG;
				SWIFT_OPTIMIZATION_LEVEL = "-Onone";
			};
			name = Debug;
		};
		E51F1EF427ECCB7500D38275 /* Release */ = {
			isa = XCBuildConfiguration;
			buildSettings = {
				ALWAYS_SEARCH_USER_PATHS = NO;
				CLANG_ANALYZER_NONNULL = YES;
				CLANG_ANALYZER_NUMBER_OBJECT_CONVERSION = YES_AGGRESSIVE;
				CLANG_CXX_LANGUAGE_STANDARD = "gnu++17";
				CLANG_CXX_LIBRARY = "libc++";
				CLANG_ENABLE_MODULES = YES;
				CLANG_ENABLE_OBJC_ARC = YES;
				CLANG_ENABLE_OBJC_WEAK = YES;
				CLANG_WARN_BLOCK_CAPTURE_AUTORELEASING = YES;
				CLANG_WARN_BOOL_CONVERSION = YES;
				CLANG_WARN_COMMA = YES;
				CLANG_WARN_CONSTANT_CONVERSION = YES;
				CLANG_WARN_DEPRECATED_OBJC_IMPLEMENTATIONS = YES;
				CLANG_WARN_DIRECT_OBJC_ISA_USAGE = YES_ERROR;
				CLANG_WARN_DOCUMENTATION_COMMENTS = YES;
				CLANG_WARN_EMPTY_BODY = YES;
				CLANG_WARN_ENUM_CONVERSION = YES;
				CLANG_WARN_INFINITE_RECURSION = YES;
				CLANG_WARN_INT_CONVERSION = YES;
				CLANG_WARN_NON_LITERAL_NULL_CONVERSION = YES;
				CLANG_WARN_OBJC_IMPLICIT_RETAIN_SELF = YES;
				CLANG_WARN_OBJC_LITERAL_CONVERSION = YES;
				CLANG_WARN_OBJC_ROOT_CLASS = YES_ERROR;
				CLANG_WARN_QUOTED_INCLUDE_IN_FRAMEWORK_HEADER = YES;
				CLANG_WARN_RANGE_LOOP_ANALYSIS = YES;
				CLANG_WARN_STRICT_PROTOTYPES = YES;
				CLANG_WARN_SUSPICIOUS_MOVE = YES;
				CLANG_WARN_UNGUARDED_AVAILABILITY = YES_AGGRESSIVE;
				CLANG_WARN_UNREACHABLE_CODE = YES;
				CLANG_WARN__DUPLICATE_METHOD_MATCH = YES;
				COPY_PHASE_STRIP = NO;
				DEBUG_INFORMATION_FORMAT = "dwarf-with-dsym";
				ENABLE_NS_ASSERTIONS = NO;
				ENABLE_STRICT_OBJC_MSGSEND = YES;
				GCC_C_LANGUAGE_STANDARD = gnu11;
				GCC_NO_COMMON_BLOCKS = YES;
				GCC_WARN_64_TO_32_BIT_CONVERSION = YES;
				GCC_WARN_ABOUT_RETURN_TYPE = YES_ERROR;
				GCC_WARN_UNDECLARED_SELECTOR = YES;
				GCC_WARN_UNINITIALIZED_AUTOS = YES_AGGRESSIVE;
				GCC_WARN_UNUSED_FUNCTION = YES;
				GCC_WARN_UNUSED_VARIABLE = YES;
				IPHONEOS_DEPLOYMENT_TARGET = 15.2;
				MTL_ENABLE_DEBUG_INFO = NO;
				MTL_FAST_MATH = YES;
				SDKROOT = iphoneos;
				SWIFT_COMPILATION_MODE = wholemodule;
				SWIFT_OPTIMIZATION_LEVEL = "-O";
				VALIDATE_PRODUCT = YES;
			};
			name = Release;
		};
		E51F1EF627ECCB7500D38275 /* Debug */ = {
			isa = XCBuildConfiguration;
			buildSettings = {
				ASSETCATALOG_COMPILER_APPICON_NAME = AppIcon;
				ASSETCATALOG_COMPILER_GLOBAL_ACCENT_COLOR_NAME = AccentColor;
				CODE_SIGN_STYLE = Automatic;
				CURRENT_PROJECT_VERSION = 1;
				DEVELOPMENT_TEAM = 5WQ6FF85SW;
				GENERATE_INFOPLIST_FILE = YES;
				INFOPLIST_FILE = UsedGoodsUpload/Info.plist;
				INFOPLIST_KEY_UIApplicationSupportsIndirectInputEvents = YES;
				INFOPLIST_KEY_UILaunchStoryboardName = LaunchScreen;
				INFOPLIST_KEY_UIMainStoryboardFile = "";
				INFOPLIST_KEY_UISupportedInterfaceOrientations_iPad = "UIInterfaceOrientationPortrait UIInterfaceOrientationPortraitUpsideDown UIInterfaceOrientationLandscapeLeft UIInterfaceOrientationLandscapeRight";
				INFOPLIST_KEY_UISupportedInterfaceOrientations_iPhone = "UIInterfaceOrientationPortrait UIInterfaceOrientationLandscapeLeft UIInterfaceOrientationLandscapeRight";
				LD_RUNPATH_SEARCH_PATHS = (
					"$(inherited)",
					"@executable_path/Frameworks",
				);
				MARKETING_VERSION = 1.0;
				PRODUCT_BUNDLE_IDENTIFIER = "aeron-kim.UsedGoodsUpload";
				PRODUCT_NAME = "$(TARGET_NAME)";
				SWIFT_EMIT_LOC_STRINGS = YES;
				SWIFT_VERSION = 5.0;
				TARGETED_DEVICE_FAMILY = "1,2";
			};
			name = Debug;
		};
		E51F1EF727ECCB7500D38275 /* Release */ = {
			isa = XCBuildConfiguration;
			buildSettings = {
				ASSETCATALOG_COMPILER_APPICON_NAME = AppIcon;
				ASSETCATALOG_COMPILER_GLOBAL_ACCENT_COLOR_NAME = AccentColor;
				CODE_SIGN_STYLE = Automatic;
				CURRENT_PROJECT_VERSION = 1;
				DEVELOPMENT_TEAM = 5WQ6FF85SW;
				GENERATE_INFOPLIST_FILE = YES;
				INFOPLIST_FILE = UsedGoodsUpload/Info.plist;
				INFOPLIST_KEY_UIApplicationSupportsIndirectInputEvents = YES;
				INFOPLIST_KEY_UILaunchStoryboardName = LaunchScreen;
				INFOPLIST_KEY_UIMainStoryboardFile = "";
				INFOPLIST_KEY_UISupportedInterfaceOrientations_iPad = "UIInterfaceOrientationPortrait UIInterfaceOrientationPortraitUpsideDown UIInterfaceOrientationLandscapeLeft UIInterfaceOrientationLandscapeRight";
				INFOPLIST_KEY_UISupportedInterfaceOrientations_iPhone = "UIInterfaceOrientationPortrait UIInterfaceOrientationLandscapeLeft UIInterfaceOrientationLandscapeRight";
				LD_RUNPATH_SEARCH_PATHS = (
					"$(inherited)",
					"@executable_path/Frameworks",
				);
				MARKETING_VERSION = 1.0;
				PRODUCT_BUNDLE_IDENTIFIER = "aeron-kim.UsedGoodsUpload";
				PRODUCT_NAME = "$(TARGET_NAME)";
				SWIFT_EMIT_LOC_STRINGS = YES;
				SWIFT_VERSION = 5.0;
				TARGETED_DEVICE_FAMILY = "1,2";
			};
			name = Release;
		};
/* End XCBuildConfiguration section */

/* Begin XCConfigurationList section */
		E51F1EDC27ECCB7400D38275 /* Build configuration list for PBXProject "UsedGoodsUpload" */ = {
			isa = XCConfigurationList;
			buildConfigurations = (
				E51F1EF327ECCB7500D38275 /* Debug */,
				E51F1EF427ECCB7500D38275 /* Release */,
			);
			defaultConfigurationIsVisible = 0;
			defaultConfigurationName = Release;
		};
		E51F1EF527ECCB7500D38275 /* Build configuration list for PBXNativeTarget "UsedGoodsUpload" */ = {
			isa = XCConfigurationList;
			buildConfigurations = (
				E51F1EF627ECCB7500D38275 /* Debug */,
				E51F1EF727ECCB7500D38275 /* Release */,
			);
			defaultConfigurationIsVisible = 0;
			defaultConfigurationName = Release;
		};
/* End XCConfigurationList section */

/* Begin XCRemoteSwiftPackageReference section */
		E51F1EF827ECCB9E00D38275 /* XCRemoteSwiftPackageReference "RxSwift" */ = {
			isa = XCRemoteSwiftPackageReference;
			repositoryURL = "https://github.com/ReactiveX/RxSwift.git";
			requirement = {
				branch = main;
				kind = branch;
			};
		};
		E51F1EFB27ECCBB000D38275 /* XCRemoteSwiftPackageReference "SnapKit" */ = {
			isa = XCRemoteSwiftPackageReference;
			repositoryURL = "https://github.com/SnapKit/SnapKit.git";
			requirement = {
				kind = upToNextMajorVersion;
				minimumVersion = 5.0.0;
			};
		};
/* End XCRemoteSwiftPackageReference section */

/* Begin XCSwiftPackageProductDependency section */
		E51F1EF927ECCB9E00D38275 /* RxSwift */ = {
			isa = XCSwiftPackageProductDependency;
			package = E51F1EF827ECCB9E00D38275 /* XCRemoteSwiftPackageReference "RxSwift" */;
			productName = RxSwift;
		};
		E51F1EFC27ECCBB000D38275 /* SnapKit */ = {
			isa = XCSwiftPackageProductDependency;
			package = E51F1EFB27ECCBB000D38275 /* XCRemoteSwiftPackageReference "SnapKit" */;
			productName = SnapKit;
		};
		E51F1F0127ECCC0900D38275 /* RxCocoa */ = {
			isa = XCSwiftPackageProductDependency;
			package = E51F1EF827ECCB9E00D38275 /* XCRemoteSwiftPackageReference "RxSwift" */;
			productName = RxCocoa;
		};
/* End XCSwiftPackageProductDependency section */
	};
	rootObject = E51F1ED927ECCB7400D38275 /* Project object */;
}
